{
  "name": "@webtheory/backalley",
  "requires": true,
  "lockfileVersion": 1,
  "dependencies": {
    "select2": {
      "version": "4.0.13",
      "resolved": "https://registry.npmjs.org/select2/-/select2-4.0.13.tgz",
      "integrity": "sha512-1JeB87s6oN/TDxQQYCvS5EFoQyvV6eYMZZ0AeA4tdFDYWN3BAGZ8npr17UBFddU0lgAt3H0yjX3X6/ekOj1yjw=="
    },
    "trix": {
      "version": "1.2.4",
      "resolved": "https://registry.npmjs.org/trix/-/trix-1.2.4.tgz",
      "integrity": "sha512-S6YUUaaHngNbW1jzBV3MQ35pisTV/x5yKlNZrAf8exkOnHsTj+2OJHx2jBLqRQEtpWHpg85pHjo2A7dKK2RQbQ=="
    }
  }
}
